
Microsoft Visual Studio Solution File, Format Version 12.00
# Visual Studio Version 16
VisualStudioVersion = 16.0.32428.217
MinimumVisualStudioVersion = 10.0.40219.1
Project("{FAE04EC0-301F-11D3-BF4B-00C04F79EFBC}") = "day09_01", "day09_01\day09_01.csproj", "{B8A7B94B-1B66-4499-A269-D28B85B55A5A}"
EndProject
Global
	GlobalSection(SolutionConfigurationPlatforms) = preSolution
		Debug|Any CPU = Debug|Any CPU
		Release|Any CPU = Release|Any CPU
	EndGlobalSection
	GlobalSection(ProjectConfigurationPlatforms) = postSolution
		{B8A7B94B-1B66-4499-A269-D28B85B55A5A}.Debug|Any CPU.ActiveCfg = Debug|Any CPU
		{B8A7B94B-1B66-4499-A269-D28B85B55A5A}.Debug|Any CPU.Build.0 = Debug|Any CPU
		{B8A7B94B-1B66-4499-A269-D28B85B55A5A}.Release|Any CPU.ActiveCfg = Release|Any CPU
		{B8A7B94B-1B66-4499-A269-D28B85B55A5A}.Release|Any CPU.Build.0 = Release|Any CPU
	EndGlobalSection
	GlobalSection(SolutionProperties) = preSolution
		HideSolutionNode = FALSE
	EndGlobalSection
	GlobalSection(ExtensibilityGlobals) = postSolution
		SolutionGuid = {E08C5C0E-DF16-4C55-9E21-B42BDC515D06}
	EndGlobalSection
EndGlobal
